
Microsoft Visual Studio Solution File, Format Version 12.00
# Visual Studio Version 16
VisualStudioVersion = 16.0.32002.261
MinimumVisualStudioVersion = 10.0.40219.1
Project("{9A19103F-16F7-4668-BE54-9A1E7A4F7556}") = "DataAccess", "DataAccess\DataAccess.csproj", "{AC95243E-ADC2-46AB-BB9F-9A0325C08676}"
EndProject
Project("{9A19103F-16F7-4668-BE54-9A1E7A4F7556}") = "Business", "Business\Business.csproj", "{44E9B896-DA1F-489D-A961-C6C29D15EB5D}"
EndProject
Project("{9A19103F-16F7-4668-BE54-9A1E7A4F7556}") = "Entities", "Entities\Entities.csproj", "{4F99947D-B62B-4B1D-9D37-A7DBA521AD54}"
EndProject
Project("{9A19103F-16F7-4668-BE54-9A1E7A4F7556}") = "ConsoleUI", "ConsoleUI\ConsoleUI.csproj", "{3B7AA49B-B4D6-4E3B-A231-6FBD296759B7}"
EndProject
Project("{9A19103F-16F7-4668-BE54-9A1E7A4F7556}") = "Core", "Core\Core.csproj", "{BE3B41D8-DFC9-4A49-92AC-7F127FCE2232}"
EndProject
Project("{FAE04EC0-301F-11D3-BF4B-00C04F79EFBC}") = "WebAPI", "WebAPI\WebAPI.csproj", "{2F214F8B-479E-4F13-9F2C-2518763D5BF4}"
EndProject
Global
	GlobalSection(SolutionConfigurationPlatforms) = preSolution
		Debug|Any CPU = Debug|Any CPU
		Release|Any CPU = Release|Any CPU
	EndGlobalSection
	GlobalSection(ProjectConfigurationPlatforms) = postSolution
		{AC95243E-ADC2-46AB-BB9F-9A0325C08676}.Debug|Any CPU.ActiveCfg = Debug|Any CPU
		{AC95243E-ADC2-46AB-BB9F-9A0325C08676}.Debug|Any CPU.Build.0 = Debug|Any CPU
		{AC95243E-ADC2-46AB-BB9F-9A0325C08676}.Release|Any CPU.ActiveCfg = Release|Any CPU
		{AC95243E-ADC2-46AB-BB9F-9A0325C08676}.Release|Any CPU.Build.0 = Release|Any CPU
		{44E9B896-DA1F-489D-A961-C6C29D15EB5D}.Debug|Any CPU.ActiveCfg = Debug|Any CPU
		{44E9B896-DA1F-489D-A961-C6C29D15EB5D}.Debug|Any CPU.Build.0 = Debug|Any CPU
		{44E9B896-DA1F-489D-A961-C6C29D15EB5D}.Release|Any CPU.ActiveCfg = Release|Any CPU
		{44E9B896-DA1F-489D-A961-C6C29D15EB5D}.Release|Any CPU.Build.0 = Release|Any CPU
		{4F99947D-B62B-4B1D-9D37-A7DBA521AD54}.Debug|Any CPU.ActiveCfg = Debug|Any CPU
		{4F99947D-B62B-4B1D-9D37-A7DBA521AD54}.Debug|Any CPU.Build.0 = Debug|Any CPU
		{4F99947D-B62B-4B1D-9D37-A7DBA521AD54}.Release|Any CPU.ActiveCfg = Release|Any CPU
		{4F99947D-B62B-4B1D-9D37-A7DBA521AD54}.Release|Any CPU.Build.0 = Release|Any CPU
		{3B7AA49B-B4D6-4E3B-A231-6FBD296759B7}.Debug|Any CPU.ActiveCfg = Debug|Any CPU
		{3B7AA49B-B4D6-4E3B-A231-6FBD296759B7}.Debug|Any CPU.Build.0 = Debug|Any CPU
		{3B7AA49B-B4D6-4E3B-A231-6FBD296759B7}.Release|Any CPU.ActiveCfg = Release|Any CPU
		{3B7AA49B-B4D6-4E3B-A231-6FBD296759B7}.Release|Any CPU.Build.0 = Release|Any CPU
		{BE3B41D8-DFC9-4A49-92AC-7F127FCE2232}.Debug|Any CPU.ActiveCfg = Debug|Any CPU
		{BE3B41D8-DFC9-4A49-92AC-7F127FCE2232}.Debug|Any CPU.Build.0 = Debug|Any CPU
		{BE3B41D8-DFC9-4A49-92AC-7F127FCE2232}.Release|Any CPU.ActiveCfg = Release|Any CPU
		{BE3B41D8-DFC9-4A49-92AC-7F127FCE2232}.Release|Any CPU.Build.0 = Release|Any CPU
		{2F214F8B-479E-4F13-9F2C-2518763D5BF4}.Debug|Any CPU.ActiveCfg = Debug|Any CPU
		{2F214F8B-479E-4F13-9F2C-2518763D5BF4}.Debug|Any CPU.Build.0 = Debug|Any CPU
		{2F214F8B-479E-4F13-9F2C-2518763D5BF4}.Release|Any CPU.ActiveCfg = Release|Any CPU
		{2F214F8B-479E-4F13-9F2C-2518763D5BF4}.Release|Any CPU.Build.0 = Release|Any CPU
	EndGlobalSection
	GlobalSection(SolutionProperties) = preSolution
		HideSolutionNode = FALSE
	EndGlobalSection
	GlobalSection(ExtensibilityGlobals) = postSolution
		SolutionGuid = {23F5600F-4ECC-4E69-AE76-BC8F2D791A1F}
	EndGlobalSection
EndGlobal
